{
  "version": 4,
  "terraform_version": "0.13.4",
  "serial": 29,
  "lineage": "9c7fb438-65e0-f858-57d0-dd4165be7102",
  "outputs": {},
  "resources": [
    {
      "mode": "managed",
      "type": "azurerm_linux_virtual_machine",
      "name": "main",
      "provider": "provider[\"registry.terraform.io/hashicorp/azurerm\"]",
      "instances": [
        {
          "index_key": 0,
          "schema_version": 0,
          "attributes": {
            "additional_capabilities": [],
            "admin_password": null,
            "admin_ssh_key": [
              {
                "public_key": "ssh-rsa AAAAB3NzaC1yc2EAAAADAQABAAABAQC44YtkM65uRhMtu487ilqRthVYxaFzCIlsSJ+XfZypXykhp3pSjQj/3e1GVk5gmN99g67YPXDLzknot8V8v0/NHNH+WLZV14h4ng44yt63tQ8xYNQdeYkRX2F+aC7uQEd6Jg96LXsRkTgMJZMfOXLUxYPgMiHwM0wCUpFTFOFo9dZbLyGGrUCVb8ncLz3TIpPme22i7dM/4gz9/Vq9sKW7ehMEFz7mPzMPK06alxPugv/BGQByyTnIqLbueKFJtdS4U4AyO/JD9DxuTnF0azLYkThp1/owdJRT/RtkkTeBislj1xmHMfvhOgn2sMpeuitqSGrnQ64NIwQXWPOZAZul pc-msi@DESKTOP-Q7ASS8A\r\n",
                "username": "azure-administrator"
              }
            ],
            "admin_username": "azure-administrator",
            "allow_extension_operations": true,
            "availability_set_id": "",
            "boot_diagnostics": [],
            "computer_name": "manage-node0",
            "custom_data": null,
            "dedicated_host_id": "",
            "disable_password_authentication": true,
            "encryption_at_host_enabled": false,
            "eviction_policy": "",
            "id": "/subscriptions/22d1ae48-f648-43be-8848-515da8a33dbd/resourceGroups/RHCE8/providers/Microsoft.Compute/virtualMachines/manage-node0",
            "identity": [],
            "location": "southeastasia",
            "max_bid_price": -1,
            "name": "manage-node0",
            "network_interface_ids": [
              "/subscriptions/22d1ae48-f648-43be-8848-515da8a33dbd/resourceGroups/RHCE8/providers/Microsoft.Network/networkInterfaces/ansible-lab-nic-vm0"
            ],
            "os_disk": [
              {
                "caching": "ReadWrite",
                "diff_disk_settings": [],
                "disk_encryption_set_id": "",
                "disk_size_gb": 30,
                "name": "manage-node0_disk1_5cd09d44c0bc4e5991b2ec1775ce59e9",
                "storage_account_type": "Standard_LRS",
                "write_accelerator_enabled": false
              }
            ],
            "plan": [],
            "priority": "Regular",
            "private_ip_address": "10.0.3.7",
            "private_ip_addresses": [
              "10.0.3.7"
            ],
            "provision_vm_agent": true,
            "proximity_placement_group_id": "",
            "public_ip_address": "52.187.124.106",
            "public_ip_addresses": [
              "52.187.124.106"
            ],
            "resource_group_name": "RHCE8",
            "secret": [],
            "size": "Standard_B1s",
            "source_image_id": "",
            "source_image_reference": [
              {
                "offer": "CentOS",
                "publisher": "OpenLogic",
                "sku": "8_2",
                "version": "8.2.2020062400"
              }
            ],
            "tags": null,
            "timeouts": null,
            "virtual_machine_id": "8c2d54f8-1aa5-4bdf-9bac-cf5bc5ae4204",
            "virtual_machine_scale_set_id": "",
            "zone": ""
          },
          "private": "eyJlMmJmYjczMC1lY2FhLTExZTYtOGY4OC0zNDM2M2JjN2M0YzAiOnsiY3JlYXRlIjoyNzAwMDAwMDAwMDAwLCJkZWxldGUiOjI3MDAwMDAwMDAwMDAsInJlYWQiOjMwMDAwMDAwMDAwMCwidXBkYXRlIjoyNzAwMDAwMDAwMDAwfX0=",
          "dependencies": [
            "azurerm_network_interface.main",
            "azurerm_public_ip.pip",
            "azurerm_resource_group.main",
            "azurerm_subnet.internal",
            "azurerm_virtual_network.main"
          ]
        },
        {
          "index_key": 1,
          "schema_version": 0,
          "attributes": {
            "additional_capabilities": [],
            "admin_password": null,
            "admin_ssh_key": [
              {
                "public_key": "ssh-rsa AAAAB3NzaC1yc2EAAAADAQABAAABAQC44YtkM65uRhMtu487ilqRthVYxaFzCIlsSJ+XfZypXykhp3pSjQj/3e1GVk5gmN99g67YPXDLzknot8V8v0/NHNH+WLZV14h4ng44yt63tQ8xYNQdeYkRX2F+aC7uQEd6Jg96LXsRkTgMJZMfOXLUxYPgMiHwM0wCUpFTFOFo9dZbLyGGrUCVb8ncLz3TIpPme22i7dM/4gz9/Vq9sKW7ehMEFz7mPzMPK06alxPugv/BGQByyTnIqLbueKFJtdS4U4AyO/JD9DxuTnF0azLYkThp1/owdJRT/RtkkTeBislj1xmHMfvhOgn2sMpeuitqSGrnQ64NIwQXWPOZAZul pc-msi@DESKTOP-Q7ASS8A\r\n",
                "username": "azure-administrator"
              }
            ],
            "admin_username": "azure-administrator",
            "allow_extension_operations": true,
            "availability_set_id": "",
            "boot_diagnostics": [],
            "computer_name": "manage-node1",
            "custom_data": null,
            "dedicated_host_id": "",
            "disable_password_authentication": true,
            "encryption_at_host_enabled": false,
            "eviction_policy": "",
            "id": "/subscriptions/22d1ae48-f648-43be-8848-515da8a33dbd/resourceGroups/RHCE8/providers/Microsoft.Compute/virtualMachines/manage-node1",
            "identity": [],
            "location": "southeastasia",
            "max_bid_price": -1,
            "name": "manage-node1",
            "network_interface_ids": [
              "/subscriptions/22d1ae48-f648-43be-8848-515da8a33dbd/resourceGroups/RHCE8/providers/Microsoft.Network/networkInterfaces/ansible-lab-nic-vm1"
            ],
            "os_disk": [
              {
                "caching": "ReadWrite",
                "diff_disk_settings": [],
                "disk_encryption_set_id": "",
                "disk_size_gb": 30,
                "name": "manage-node1_OsDisk_1_b6797d162ff849cabd00c86940184c65",
                "storage_account_type": "Standard_LRS",
                "write_accelerator_enabled": false
              }
            ],
            "plan": [],
            "priority": "Regular",
            "private_ip_address": "10.0.3.6",
            "private_ip_addresses": [
              "10.0.3.6"
            ],
            "provision_vm_agent": true,
            "proximity_placement_group_id": "",
            "public_ip_address": "52.187.124.122",
            "public_ip_addresses": [
              "52.187.124.122"
            ],
            "resource_group_name": "RHCE8",
            "secret": [],
            "size": "Standard_B1s",
            "source_image_id": "",
            "source_image_reference": [
              {
                "offer": "CentOS",
                "publisher": "OpenLogic",
                "sku": "8_2",
                "version": "8.2.2020062400"
              }
            ],
            "tags": null,
            "timeouts": null,
            "virtual_machine_id": "12ed14d8-5e42-40fd-9270-a9c1274f7c06",
            "virtual_machine_scale_set_id": "",
            "zone": ""
          },
          "private": "eyJlMmJmYjczMC1lY2FhLTExZTYtOGY4OC0zNDM2M2JjN2M0YzAiOnsiY3JlYXRlIjoyNzAwMDAwMDAwMDAwLCJkZWxldGUiOjI3MDAwMDAwMDAwMDAsInJlYWQiOjMwMDAwMDAwMDAwMCwidXBkYXRlIjoyNzAwMDAwMDAwMDAwfX0=",
          "dependencies": [
            "azurerm_network_interface.main",
            "azurerm_public_ip.pip",
            "azurerm_resource_group.main",
            "azurerm_subnet.internal",
            "azurerm_virtual_network.main"
          ]
        },
        {
          "index_key": 2,
          "schema_version": 0,
          "attributes": {
            "additional_capabilities": [],
            "admin_password": null,
            "admin_ssh_key": [
              {
                "public_key": "ssh-rsa AAAAB3NzaC1yc2EAAAADAQABAAABAQC44YtkM65uRhMtu487ilqRthVYxaFzCIlsSJ+XfZypXykhp3pSjQj/3e1GVk5gmN99g67YPXDLzknot8V8v0/NHNH+WLZV14h4ng44yt63tQ8xYNQdeYkRX2F+aC7uQEd6Jg96LXsRkTgMJZMfOXLUxYPgMiHwM0wCUpFTFOFo9dZbLyGGrUCVb8ncLz3TIpPme22i7dM/4gz9/Vq9sKW7ehMEFz7mPzMPK06alxPugv/BGQByyTnIqLbueKFJtdS4U4AyO/JD9DxuTnF0azLYkThp1/owdJRT/RtkkTeBislj1xmHMfvhOgn2sMpeuitqSGrnQ64NIwQXWPOZAZul pc-msi@DESKTOP-Q7ASS8A\r\n",
                "username": "azure-administrator"
              }
            ],
            "admin_username": "azure-administrator",
            "allow_extension_operations": true,
            "availability_set_id": "",
            "boot_diagnostics": [],
            "computer_name": "manage-node2",
            "custom_data": null,
            "dedicated_host_id": "",
            "disable_password_authentication": true,
            "encryption_at_host_enabled": false,
            "eviction_policy": "",
            "id": "/subscriptions/22d1ae48-f648-43be-8848-515da8a33dbd/resourceGroups/RHCE8/providers/Microsoft.Compute/virtualMachines/manage-node2",
            "identity": [],
            "location": "southeastasia",
            "max_bid_price": -1,
            "name": "manage-node2",
            "network_interface_ids": [
              "/subscriptions/22d1ae48-f648-43be-8848-515da8a33dbd/resourceGroups/RHCE8/providers/Microsoft.Network/networkInterfaces/ansible-lab-nic-vm2"
            ],
            "os_disk": [
              {
                "caching": "ReadWrite",
                "diff_disk_settings": [],
                "disk_encryption_set_id": "",
                "disk_size_gb": 30,
                "name": "manage-node2_disk1_99f2ae6264ea4adda2cb01cef40637ef",
                "storage_account_type": "Standard_LRS",
                "write_accelerator_enabled": false
              }
            ],
            "plan": [],
            "priority": "Regular",
            "private_ip_address": "10.0.3.5",
            "private_ip_addresses": [
              "10.0.3.5"
            ],
            "provision_vm_agent": true,
            "proximity_placement_group_id": "",
            "public_ip_address": "52.187.125.98",
            "public_ip_addresses": [
              "52.187.125.98"
            ],
            "resource_group_name": "RHCE8",
            "secret": [],
            "size": "Standard_B1s",
            "source_image_id": "",
            "source_image_reference": [
              {
                "offer": "CentOS",
                "publisher": "OpenLogic",
                "sku": "8_2",
                "version": "8.2.2020062400"
              }
            ],
            "tags": null,
            "timeouts": null,
            "virtual_machine_id": "dbd88544-4fbb-42de-964c-79c8ee343e42",
            "virtual_machine_scale_set_id": "",
            "zone": ""
          },
          "private": "eyJlMmJmYjczMC1lY2FhLTExZTYtOGY4OC0zNDM2M2JjN2M0YzAiOnsiY3JlYXRlIjoyNzAwMDAwMDAwMDAwLCJkZWxldGUiOjI3MDAwMDAwMDAwMDAsInJlYWQiOjMwMDAwMDAwMDAwMCwidXBkYXRlIjoyNzAwMDAwMDAwMDAwfX0=",
          "dependencies": [
            "azurerm_network_interface.main",
            "azurerm_public_ip.pip",
            "azurerm_resource_group.main",
            "azurerm_subnet.internal",
            "azurerm_virtual_network.main"
          ]
        },
        {
          "index_key": 3,
          "schema_version": 0,
          "attributes": {
            "additional_capabilities": [],
            "admin_password": null,
            "admin_ssh_key": [
              {
                "public_key": "ssh-rsa AAAAB3NzaC1yc2EAAAADAQABAAABAQC44YtkM65uRhMtu487ilqRthVYxaFzCIlsSJ+XfZypXykhp3pSjQj/3e1GVk5gmN99g67YPXDLzknot8V8v0/NHNH+WLZV14h4ng44yt63tQ8xYNQdeYkRX2F+aC7uQEd6Jg96LXsRkTgMJZMfOXLUxYPgMiHwM0wCUpFTFOFo9dZbLyGGrUCVb8ncLz3TIpPme22i7dM/4gz9/Vq9sKW7ehMEFz7mPzMPK06alxPugv/BGQByyTnIqLbueKFJtdS4U4AyO/JD9DxuTnF0azLYkThp1/owdJRT/RtkkTeBislj1xmHMfvhOgn2sMpeuitqSGrnQ64NIwQXWPOZAZul pc-msi@DESKTOP-Q7ASS8A\r\n",
                "username": "azure-administrator"
              }
            ],
            "admin_username": "azure-administrator",
            "allow_extension_operations": true,
            "availability_set_id": "",
            "boot_diagnostics": [],
            "computer_name": "manage-node3",
            "custom_data": null,
            "dedicated_host_id": "",
            "disable_password_authentication": true,
            "encryption_at_host_enabled": false,
            "eviction_policy": "",
            "id": "/subscriptions/22d1ae48-f648-43be-8848-515da8a33dbd/resourceGroups/RHCE8/providers/Microsoft.Compute/virtualMachines/manage-node3",
            "identity": [],
            "location": "southeastasia",
            "max_bid_price": -1,
            "name": "manage-node3",
            "network_interface_ids": [
              "/subscriptions/22d1ae48-f648-43be-8848-515da8a33dbd/resourceGroups/RHCE8/providers/Microsoft.Network/networkInterfaces/ansible-lab-nic-vm3"
            ],
            "os_disk": [
              {
                "caching": "ReadWrite",
                "diff_disk_settings": [],
                "disk_encryption_set_id": "",
                "disk_size_gb": 30,
                "name": "manage-node3_OsDisk_1_8ac55f87a9af4fd8a0033a013236c9b5",
                "storage_account_type": "Standard_LRS",
                "write_accelerator_enabled": false
              }
            ],
            "plan": [],
            "priority": "Regular",
            "private_ip_address": "10.0.3.8",
            "private_ip_addresses": [
              "10.0.3.8"
            ],
            "provision_vm_agent": true,
            "proximity_placement_group_id": "",
            "public_ip_address": "52.187.124.101",
            "public_ip_addresses": [
              "52.187.124.101"
            ],
            "resource_group_name": "RHCE8",
            "secret": [],
            "size": "Standard_B1s",
            "source_image_id": "",
            "source_image_reference": [
              {
                "offer": "CentOS",
                "publisher": "OpenLogic",
                "sku": "8_2",
                "version": "8.2.2020062400"
              }
            ],
            "tags": null,
            "timeouts": null,
            "virtual_machine_id": "06cb8bc0-151d-4588-9c13-fadf23a0512c",
            "virtual_machine_scale_set_id": "",
            "zone": ""
          },
          "private": "eyJlMmJmYjczMC1lY2FhLTExZTYtOGY4OC0zNDM2M2JjN2M0YzAiOnsiY3JlYXRlIjoyNzAwMDAwMDAwMDAwLCJkZWxldGUiOjI3MDAwMDAwMDAwMDAsInJlYWQiOjMwMDAwMDAwMDAwMCwidXBkYXRlIjoyNzAwMDAwMDAwMDAwfX0=",
          "dependencies": [
            "azurerm_network_interface.main",
            "azurerm_public_ip.pip",
            "azurerm_resource_group.main",
            "azurerm_subnet.internal",
            "azurerm_virtual_network.main"
          ]
        },
        {
          "index_key": 4,
          "schema_version": 0,
          "attributes": {
            "additional_capabilities": [],
            "admin_password": null,
            "admin_ssh_key": [
              {
                "public_key": "ssh-rsa AAAAB3NzaC1yc2EAAAADAQABAAABAQC44YtkM65uRhMtu487ilqRthVYxaFzCIlsSJ+XfZypXykhp3pSjQj/3e1GVk5gmN99g67YPXDLzknot8V8v0/NHNH+WLZV14h4ng44yt63tQ8xYNQdeYkRX2F+aC7uQEd6Jg96LXsRkTgMJZMfOXLUxYPgMiHwM0wCUpFTFOFo9dZbLyGGrUCVb8ncLz3TIpPme22i7dM/4gz9/Vq9sKW7ehMEFz7mPzMPK06alxPugv/BGQByyTnIqLbueKFJtdS4U4AyO/JD9DxuTnF0azLYkThp1/owdJRT/RtkkTeBislj1xmHMfvhOgn2sMpeuitqSGrnQ64NIwQXWPOZAZul pc-msi@DESKTOP-Q7ASS8A\r\n",
                "username": "azure-administrator"
              }
            ],
            "admin_username": "azure-administrator",
            "allow_extension_operations": true,
            "availability_set_id": "",
            "boot_diagnostics": [],
            "computer_name": "manage-node4",
            "custom_data": null,
            "dedicated_host_id": "",
            "disable_password_authentication": true,
            "encryption_at_host_enabled": false,
            "eviction_policy": "",
            "id": "/subscriptions/22d1ae48-f648-43be-8848-515da8a33dbd/resourceGroups/RHCE8/providers/Microsoft.Compute/virtualMachines/manage-node4",
            "identity": [],
            "location": "southeastasia",
            "max_bid_price": -1,
            "name": "manage-node4",
            "network_interface_ids": [
              "/subscriptions/22d1ae48-f648-43be-8848-515da8a33dbd/resourceGroups/RHCE8/providers/Microsoft.Network/networkInterfaces/ansible-lab-nic-vm4"
            ],
            "os_disk": [
              {
                "caching": "ReadWrite",
                "diff_disk_settings": [],
                "disk_encryption_set_id": "",
                "disk_size_gb": 30,
                "name": "manage-node4_OsDisk_1_ec2bb1ff761648d7bf20d0f37a0d72de",
                "storage_account_type": "Standard_LRS",
                "write_accelerator_enabled": false
              }
            ],
            "plan": [],
            "priority": "Regular",
            "private_ip_address": "10.0.3.9",
            "private_ip_addresses": [
              "10.0.3.9"
            ],
            "provision_vm_agent": true,
            "proximity_placement_group_id": "",
            "public_ip_address": "52.187.122.46",
            "public_ip_addresses": [
              "52.187.122.46"
            ],
            "resource_group_name": "RHCE8",
            "secret": [],
            "size": "Standard_B1s",
            "source_image_id": "",
            "source_image_reference": [
              {
                "offer": "CentOS",
                "publisher": "OpenLogic",
                "sku": "8_2",
                "version": "8.2.2020062400"
              }
            ],
            "tags": null,
            "timeouts": null,
            "virtual_machine_id": "3215259c-b899-4874-836b-742031cdf2b0",
            "virtual_machine_scale_set_id": "",
            "zone": ""
          },
          "private": "eyJlMmJmYjczMC1lY2FhLTExZTYtOGY4OC0zNDM2M2JjN2M0YzAiOnsiY3JlYXRlIjoyNzAwMDAwMDAwMDAwLCJkZWxldGUiOjI3MDAwMDAwMDAwMDAsInJlYWQiOjMwMDAwMDAwMDAwMCwidXBkYXRlIjoyNzAwMDAwMDAwMDAwfX0=",
          "dependencies": [
            "azurerm_network_interface.main",
            "azurerm_public_ip.pip",
            "azurerm_resource_group.main",
            "azurerm_subnet.internal",
            "azurerm_virtual_network.main"
          ]
        },
        {
          "index_key": 5,
          "schema_version": 0,
          "attributes": {
            "additional_capabilities": [],
            "admin_password": null,
            "admin_ssh_key": [
              {
                "public_key": "ssh-rsa AAAAB3NzaC1yc2EAAAADAQABAAABAQC44YtkM65uRhMtu487ilqRthVYxaFzCIlsSJ+XfZypXykhp3pSjQj/3e1GVk5gmN99g67YPXDLzknot8V8v0/NHNH+WLZV14h4ng44yt63tQ8xYNQdeYkRX2F+aC7uQEd6Jg96LXsRkTgMJZMfOXLUxYPgMiHwM0wCUpFTFOFo9dZbLyGGrUCVb8ncLz3TIpPme22i7dM/4gz9/Vq9sKW7ehMEFz7mPzMPK06alxPugv/BGQByyTnIqLbueKFJtdS4U4AyO/JD9DxuTnF0azLYkThp1/owdJRT/RtkkTeBislj1xmHMfvhOgn2sMpeuitqSGrnQ64NIwQXWPOZAZul pc-msi@DESKTOP-Q7ASS8A\r\n",
                "username": "azure-administrator"
              }
            ],
            "admin_username": "azure-administrator",
            "allow_extension_operations": true,
            "availability_set_id": "",
            "boot_diagnostics": [],
            "computer_name": "manage-node5",
            "custom_data": null,
            "dedicated_host_id": "",
            "disable_password_authentication": true,
            "encryption_at_host_enabled": false,
            "eviction_policy": "",
            "id": "/subscriptions/22d1ae48-f648-43be-8848-515da8a33dbd/resourceGroups/RHCE8/providers/Microsoft.Compute/virtualMachines/manage-node5",
            "identity": [],
            "location": "southeastasia",
            "max_bid_price": -1,
            "name": "manage-node5",
            "network_interface_ids": [
              "/subscriptions/22d1ae48-f648-43be-8848-515da8a33dbd/resourceGroups/RHCE8/providers/Microsoft.Network/networkInterfaces/ansible-lab-nic-vm5"
            ],
            "os_disk": [
              {
                "caching": "ReadWrite",
                "diff_disk_settings": [],
                "disk_encryption_set_id": "",
                "disk_size_gb": 30,
                "name": "manage-node5_disk1_fb85297158c64e92bbbae81825791bdb",
                "storage_account_type": "Standard_LRS",
                "write_accelerator_enabled": false
              }
            ],
            "plan": [],
            "priority": "Regular",
            "private_ip_address": "10.0.3.4",
            "private_ip_addresses": [
              "10.0.3.4"
            ],
            "provision_vm_agent": true,
            "proximity_placement_group_id": "",
            "public_ip_address": "52.187.124.194",
            "public_ip_addresses": [
              "52.187.124.194"
            ],
            "resource_group_name": "RHCE8",
            "secret": [],
            "size": "Standard_B1s",
            "source_image_id": "",
            "source_image_reference": [
              {
                "offer": "CentOS",
                "publisher": "OpenLogic",
                "sku": "8_2",
                "version": "8.2.2020062400"
              }
            ],
            "tags": null,
            "timeouts": null,
            "virtual_machine_id": "750249a8-12f2-4817-84a1-9bd0829bdd87",
            "virtual_machine_scale_set_id": "",
            "zone": ""
          },
          "private": "eyJlMmJmYjczMC1lY2FhLTExZTYtOGY4OC0zNDM2M2JjN2M0YzAiOnsiY3JlYXRlIjoyNzAwMDAwMDAwMDAwLCJkZWxldGUiOjI3MDAwMDAwMDAwMDAsInJlYWQiOjMwMDAwMDAwMDAwMCwidXBkYXRlIjoyNzAwMDAwMDAwMDAwfX0=",
          "dependencies": [
            "azurerm_network_interface.main",
            "azurerm_public_ip.pip",
            "azurerm_resource_group.main",
            "azurerm_subnet.internal",
            "azurerm_virtual_network.main"
          ]
        }
      ]
    },
    {
      "mode": "managed",
      "type": "azurerm_network_interface",
      "name": "main",
      "provider": "provider[\"registry.terraform.io/hashicorp/azurerm\"]",
      "instances": [
        {
          "index_key": 0,
          "schema_version": 0,
          "attributes": {
            "applied_dns_servers": [],
            "dns_servers": [],
            "enable_accelerated_networking": false,
            "enable_ip_forwarding": false,
            "id": "/subscriptions/22d1ae48-f648-43be-8848-515da8a33dbd/resourceGroups/RHCE8/providers/Microsoft.Network/networkInterfaces/ansible-lab-nic-vm0",
            "internal_dns_name_label": "",
            "internal_domain_name_suffix": "1msuqlym2ace1mcdq1fsv4qooh.ix.internal.cloudapp.net",
            "ip_configuration": [
              {
                "name": "primary",
                "primary": true,
                "private_ip_address": "10.0.3.7",
                "private_ip_address_allocation": "Dynamic",
                "private_ip_address_version": "IPv4",
                "public_ip_address_id": "/subscriptions/22d1ae48-f648-43be-8848-515da8a33dbd/resourceGroups/RHCE8/providers/Microsoft.Network/publicIPAddresses/ansible-lab-pip-0",
                "subnet_id": "/subscriptions/22d1ae48-f648-43be-8848-515da8a33dbd/resourceGroups/RHCE8/providers/Microsoft.Network/virtualNetworks/ansible-lab-network/subnets/internal"
              }
            ],
            "location": "southeastasia",
            "mac_address": "",
            "name": "ansible-lab-nic-vm0",
            "private_ip_address": "10.0.3.7",
            "private_ip_addresses": [
              "10.0.3.7"
            ],
            "resource_group_name": "RHCE8",
            "tags": {
              "environment": "LAB ANSIBLE"
            },
            "timeouts": null,
            "virtual_machine_id": ""
          },
          "private": "eyJlMmJmYjczMC1lY2FhLTExZTYtOGY4OC0zNDM2M2JjN2M0YzAiOnsiY3JlYXRlIjoxODAwMDAwMDAwMDAwLCJkZWxldGUiOjE4MDAwMDAwMDAwMDAsInJlYWQiOjMwMDAwMDAwMDAwMCwidXBkYXRlIjoxODAwMDAwMDAwMDAwfX0=",
          "dependencies": [
            "azurerm_public_ip.pip",
            "azurerm_resource_group.main",
            "azurerm_subnet.internal",
            "azurerm_virtual_network.main"
          ]
        },
        {
          "index_key": 1,
          "schema_version": 0,
          "attributes": {
            "applied_dns_servers": [],
            "dns_servers": [],
            "enable_accelerated_networking": false,
            "enable_ip_forwarding": false,
            "id": "/subscriptions/22d1ae48-f648-43be-8848-515da8a33dbd/resourceGroups/RHCE8/providers/Microsoft.Network/networkInterfaces/ansible-lab-nic-vm1",
            "internal_dns_name_label": "",
            "internal_domain_name_suffix": "1msuqlym2ace1mcdq1fsv4qooh.ix.internal.cloudapp.net",
            "ip_configuration": [
              {
                "name": "primary",
                "primary": true,
                "private_ip_address": "10.0.3.6",
                "private_ip_address_allocation": "Dynamic",
                "private_ip_address_version": "IPv4",
                "public_ip_address_id": "/subscriptions/22d1ae48-f648-43be-8848-515da8a33dbd/resourceGroups/RHCE8/providers/Microsoft.Network/publicIPAddresses/ansible-lab-pip-1",
                "subnet_id": "/subscriptions/22d1ae48-f648-43be-8848-515da8a33dbd/resourceGroups/RHCE8/providers/Microsoft.Network/virtualNetworks/ansible-lab-network/subnets/internal"
              }
            ],
            "location": "southeastasia",
            "mac_address": "",
            "name": "ansible-lab-nic-vm1",
            "private_ip_address": "10.0.3.6",
            "private_ip_addresses": [
              "10.0.3.6"
            ],
            "resource_group_name": "RHCE8",
            "tags": {
              "environment": "LAB ANSIBLE"
            },
            "timeouts": null,
            "virtual_machine_id": ""
          },
          "private": "eyJlMmJmYjczMC1lY2FhLTExZTYtOGY4OC0zNDM2M2JjN2M0YzAiOnsiY3JlYXRlIjoxODAwMDAwMDAwMDAwLCJkZWxldGUiOjE4MDAwMDAwMDAwMDAsInJlYWQiOjMwMDAwMDAwMDAwMCwidXBkYXRlIjoxODAwMDAwMDAwMDAwfX0=",
          "dependencies": [
            "azurerm_public_ip.pip",
            "azurerm_resource_group.main",
            "azurerm_subnet.internal",
            "azurerm_virtual_network.main"
          ]
        },
        {
          "index_key": 2,
          "schema_version": 0,
          "attributes": {
            "applied_dns_servers": [],
            "dns_servers": [],
            "enable_accelerated_networking": false,
            "enable_ip_forwarding": false,
            "id": "/subscriptions/22d1ae48-f648-43be-8848-515da8a33dbd/resourceGroups/RHCE8/providers/Microsoft.Network/networkInterfaces/ansible-lab-nic-vm2",
            "internal_dns_name_label": "",
            "internal_domain_name_suffix": "1msuqlym2ace1mcdq1fsv4qooh.ix.internal.cloudapp.net",
            "ip_configuration": [
              {
                "name": "primary",
                "primary": true,
                "private_ip_address": "10.0.3.5",
                "private_ip_address_allocation": "Dynamic",
                "private_ip_address_version": "IPv4",
                "public_ip_address_id": "/subscriptions/22d1ae48-f648-43be-8848-515da8a33dbd/resourceGroups/RHCE8/providers/Microsoft.Network/publicIPAddresses/ansible-lab-pip-2",
                "subnet_id": "/subscriptions/22d1ae48-f648-43be-8848-515da8a33dbd/resourceGroups/RHCE8/providers/Microsoft.Network/virtualNetworks/ansible-lab-network/subnets/internal"
              }
            ],
            "location": "southeastasia",
            "mac_address": "",
            "name": "ansible-lab-nic-vm2",
            "private_ip_address": "10.0.3.5",
            "private_ip_addresses": [
              "10.0.3.5"
            ],
            "resource_group_name": "RHCE8",
            "tags": {
              "environment": "LAB ANSIBLE"
            },
            "timeouts": null,
            "virtual_machine_id": ""
          },
          "private": "eyJlMmJmYjczMC1lY2FhLTExZTYtOGY4OC0zNDM2M2JjN2M0YzAiOnsiY3JlYXRlIjoxODAwMDAwMDAwMDAwLCJkZWxldGUiOjE4MDAwMDAwMDAwMDAsInJlYWQiOjMwMDAwMDAwMDAwMCwidXBkYXRlIjoxODAwMDAwMDAwMDAwfX0=",
          "dependencies": [
            "azurerm_public_ip.pip",
            "azurerm_resource_group.main",
            "azurerm_subnet.internal",
            "azurerm_virtual_network.main"
          ]
        },
        {
          "index_key": 3,
          "schema_version": 0,
          "attributes": {
            "applied_dns_servers": [],
            "dns_servers": [],
            "enable_accelerated_networking": false,
            "enable_ip_forwarding": false,
            "id": "/subscriptions/22d1ae48-f648-43be-8848-515da8a33dbd/resourceGroups/RHCE8/providers/Microsoft.Network/networkInterfaces/ansible-lab-nic-vm3",
            "internal_dns_name_label": "",
            "internal_domain_name_suffix": "1msuqlym2ace1mcdq1fsv4qooh.ix.internal.cloudapp.net",
            "ip_configuration": [
              {
                "name": "primary",
                "primary": true,
                "private_ip_address": "10.0.3.8",
                "private_ip_address_allocation": "Dynamic",
                "private_ip_address_version": "IPv4",
                "public_ip_address_id": "/subscriptions/22d1ae48-f648-43be-8848-515da8a33dbd/resourceGroups/RHCE8/providers/Microsoft.Network/publicIPAddresses/ansible-lab-pip-3",
                "subnet_id": "/subscriptions/22d1ae48-f648-43be-8848-515da8a33dbd/resourceGroups/RHCE8/providers/Microsoft.Network/virtualNetworks/ansible-lab-network/subnets/internal"
              }
            ],
            "location": "southeastasia",
            "mac_address": "",
            "name": "ansible-lab-nic-vm3",
            "private_ip_address": "10.0.3.8",
            "private_ip_addresses": [
              "10.0.3.8"
            ],
            "resource_group_name": "RHCE8",
            "tags": {
              "environment": "LAB ANSIBLE"
            },
            "timeouts": null,
            "virtual_machine_id": ""
          },
          "private": "eyJlMmJmYjczMC1lY2FhLTExZTYtOGY4OC0zNDM2M2JjN2M0YzAiOnsiY3JlYXRlIjoxODAwMDAwMDAwMDAwLCJkZWxldGUiOjE4MDAwMDAwMDAwMDAsInJlYWQiOjMwMDAwMDAwMDAwMCwidXBkYXRlIjoxODAwMDAwMDAwMDAwfX0=",
          "dependencies": [
            "azurerm_public_ip.pip",
            "azurerm_resource_group.main",
            "azurerm_subnet.internal",
            "azurerm_virtual_network.main"
          ]
        },
        {
          "index_key": 4,
          "schema_version": 0,
          "attributes": {
            "applied_dns_servers": [],
            "dns_servers": [],
            "enable_accelerated_networking": false,
            "enable_ip_forwarding": false,
            "id": "/subscriptions/22d1ae48-f648-43be-8848-515da8a33dbd/resourceGroups/RHCE8/providers/Microsoft.Network/networkInterfaces/ansible-lab-nic-vm4",
            "internal_dns_name_label": "",
            "internal_domain_name_suffix": "1msuqlym2ace1mcdq1fsv4qooh.ix.internal.cloudapp.net",
            "ip_configuration": [
              {
                "name": "primary",
                "primary": true,
                "private_ip_address": "10.0.3.9",
                "private_ip_address_allocation": "Dynamic",
                "private_ip_address_version": "IPv4",
                "public_ip_address_id": "/subscriptions/22d1ae48-f648-43be-8848-515da8a33dbd/resourceGroups/RHCE8/providers/Microsoft.Network/publicIPAddresses/ansible-lab-pip-4",
                "subnet_id": "/subscriptions/22d1ae48-f648-43be-8848-515da8a33dbd/resourceGroups/RHCE8/providers/Microsoft.Network/virtualNetworks/ansible-lab-network/subnets/internal"
              }
            ],
            "location": "southeastasia",
            "mac_address": "",
            "name": "ansible-lab-nic-vm4",
            "private_ip_address": "10.0.3.9",
            "private_ip_addresses": [
              "10.0.3.9"
            ],
            "resource_group_name": "RHCE8",
            "tags": {
              "environment": "LAB ANSIBLE"
            },
            "timeouts": null,
            "virtual_machine_id": ""
          },
          "private": "eyJlMmJmYjczMC1lY2FhLTExZTYtOGY4OC0zNDM2M2JjN2M0YzAiOnsiY3JlYXRlIjoxODAwMDAwMDAwMDAwLCJkZWxldGUiOjE4MDAwMDAwMDAwMDAsInJlYWQiOjMwMDAwMDAwMDAwMCwidXBkYXRlIjoxODAwMDAwMDAwMDAwfX0=",
          "dependencies": [
            "azurerm_public_ip.pip",
            "azurerm_resource_group.main",
            "azurerm_subnet.internal",
            "azurerm_virtual_network.main"
          ]
        },
        {
          "index_key": 5,
          "schema_version": 0,
          "attributes": {
            "applied_dns_servers": [],
            "dns_servers": [],
            "enable_accelerated_networking": false,
            "enable_ip_forwarding": false,
            "id": "/subscriptions/22d1ae48-f648-43be-8848-515da8a33dbd/resourceGroups/RHCE8/providers/Microsoft.Network/networkInterfaces/ansible-lab-nic-vm5",
            "internal_dns_name_label": "",
            "internal_domain_name_suffix": "1msuqlym2ace1mcdq1fsv4qooh.ix.internal.cloudapp.net",
            "ip_configuration": [
              {
                "name": "primary",
                "primary": true,
                "private_ip_address": "10.0.3.4",
                "private_ip_address_allocation": "Dynamic",
                "private_ip_address_version": "IPv4",
                "public_ip_address_id": "/subscriptions/22d1ae48-f648-43be-8848-515da8a33dbd/resourceGroups/RHCE8/providers/Microsoft.Network/publicIPAddresses/ansible-lab-pip-5",
                "subnet_id": "/subscriptions/22d1ae48-f648-43be-8848-515da8a33dbd/resourceGroups/RHCE8/providers/Microsoft.Network/virtualNetworks/ansible-lab-network/subnets/internal"
              }
            ],
            "location": "southeastasia",
            "mac_address": "",
            "name": "ansible-lab-nic-vm5",
            "private_ip_address": "10.0.3.4",
            "private_ip_addresses": [
              "10.0.3.4"
            ],
            "resource_group_name": "RHCE8",
            "tags": {
              "environment": "LAB ANSIBLE"
            },
            "timeouts": null,
            "virtual_machine_id": ""
          },
          "private": "eyJlMmJmYjczMC1lY2FhLTExZTYtOGY4OC0zNDM2M2JjN2M0YzAiOnsiY3JlYXRlIjoxODAwMDAwMDAwMDAwLCJkZWxldGUiOjE4MDAwMDAwMDAwMDAsInJlYWQiOjMwMDAwMDAwMDAwMCwidXBkYXRlIjoxODAwMDAwMDAwMDAwfX0=",
          "dependencies": [
            "azurerm_public_ip.pip",
            "azurerm_resource_group.main",
            "azurerm_subnet.internal",
            "azurerm_virtual_network.main"
          ]
        }
      ]
    },
    {
      "mode": "managed",
      "type": "azurerm_network_interface_security_group_association",
      "name": "bind-akses-ssh",
      "provider": "provider[\"registry.terraform.io/hashicorp/azurerm\"]",
      "instances": [
        {
          "index_key": 0,
          "schema_version": 0,
          "attributes": {
            "id": "/subscriptions/22d1ae48-f648-43be-8848-515da8a33dbd/resourceGroups/RHCE8/providers/Microsoft.Network/networkInterfaces/ansible-lab-nic-vm0|/subscriptions/22d1ae48-f648-43be-8848-515da8a33dbd/resourceGroups/RHCE8/providers/Microsoft.Network/networkSecurityGroups/Firewall-SecurityGroups",
            "network_interface_id": "/subscriptions/22d1ae48-f648-43be-8848-515da8a33dbd/resourceGroups/RHCE8/providers/Microsoft.Network/networkInterfaces/ansible-lab-nic-vm0",
            "network_security_group_id": "/subscriptions/22d1ae48-f648-43be-8848-515da8a33dbd/resourceGroups/RHCE8/providers/Microsoft.Network/networkSecurityGroups/Firewall-SecurityGroups",
            "timeouts": null
          },
          "private": "eyJlMmJmYjczMC1lY2FhLTExZTYtOGY4OC0zNDM2M2JjN2M0YzAiOnsiY3JlYXRlIjoxODAwMDAwMDAwMDAwLCJkZWxldGUiOjE4MDAwMDAwMDAwMDAsInJlYWQiOjMwMDAwMDAwMDAwMCwidXBkYXRlIjoxODAwMDAwMDAwMDAwfX0=",
          "dependencies": [
            "azurerm_network_interface.main",
            "azurerm_network_security_group.akses-ssh",
            "azurerm_public_ip.pip",
            "azurerm_resource_group.main",
            "azurerm_subnet.internal",
            "azurerm_virtual_network.main"
          ]
        },
        {
          "index_key": 1,
          "schema_version": 0,
          "attributes": {
            "id": "/subscriptions/22d1ae48-f648-43be-8848-515da8a33dbd/resourceGroups/RHCE8/providers/Microsoft.Network/networkInterfaces/ansible-lab-nic-vm1|/subscriptions/22d1ae48-f648-43be-8848-515da8a33dbd/resourceGroups/RHCE8/providers/Microsoft.Network/networkSecurityGroups/Firewall-SecurityGroups",
            "network_interface_id": "/subscriptions/22d1ae48-f648-43be-8848-515da8a33dbd/resourceGroups/RHCE8/providers/Microsoft.Network/networkInterfaces/ansible-lab-nic-vm1",
            "network_security_group_id": "/subscriptions/22d1ae48-f648-43be-8848-515da8a33dbd/resourceGroups/RHCE8/providers/Microsoft.Network/networkSecurityGroups/Firewall-SecurityGroups",
            "timeouts": null
          },
          "private": "eyJlMmJmYjczMC1lY2FhLTExZTYtOGY4OC0zNDM2M2JjN2M0YzAiOnsiY3JlYXRlIjoxODAwMDAwMDAwMDAwLCJkZWxldGUiOjE4MDAwMDAwMDAwMDAsInJlYWQiOjMwMDAwMDAwMDAwMCwidXBkYXRlIjoxODAwMDAwMDAwMDAwfX0=",
          "dependencies": [
            "azurerm_network_interface.main",
            "azurerm_network_security_group.akses-ssh",
            "azurerm_public_ip.pip",
            "azurerm_resource_group.main",
            "azurerm_subnet.internal",
            "azurerm_virtual_network.main"
          ]
        },
        {
          "index_key": 2,
          "schema_version": 0,
          "attributes": {
            "id": "/subscriptions/22d1ae48-f648-43be-8848-515da8a33dbd/resourceGroups/RHCE8/providers/Microsoft.Network/networkInterfaces/ansible-lab-nic-vm2|/subscriptions/22d1ae48-f648-43be-8848-515da8a33dbd/resourceGroups/RHCE8/providers/Microsoft.Network/networkSecurityGroups/Firewall-SecurityGroups",
            "network_interface_id": "/subscriptions/22d1ae48-f648-43be-8848-515da8a33dbd/resourceGroups/RHCE8/providers/Microsoft.Network/networkInterfaces/ansible-lab-nic-vm2",
            "network_security_group_id": "/subscriptions/22d1ae48-f648-43be-8848-515da8a33dbd/resourceGroups/RHCE8/providers/Microsoft.Network/networkSecurityGroups/Firewall-SecurityGroups",
            "timeouts": null
          },
          "private": "eyJlMmJmYjczMC1lY2FhLTExZTYtOGY4OC0zNDM2M2JjN2M0YzAiOnsiY3JlYXRlIjoxODAwMDAwMDAwMDAwLCJkZWxldGUiOjE4MDAwMDAwMDAwMDAsInJlYWQiOjMwMDAwMDAwMDAwMCwidXBkYXRlIjoxODAwMDAwMDAwMDAwfX0=",
          "dependencies": [
            "azurerm_network_interface.main",
            "azurerm_network_security_group.akses-ssh",
            "azurerm_public_ip.pip",
            "azurerm_resource_group.main",
            "azurerm_subnet.internal",
            "azurerm_virtual_network.main"
          ]
        },
        {
          "index_key": 3,
          "schema_version": 0,
          "attributes": {
            "id": "/subscriptions/22d1ae48-f648-43be-8848-515da8a33dbd/resourceGroups/RHCE8/providers/Microsoft.Network/networkInterfaces/ansible-lab-nic-vm3|/subscriptions/22d1ae48-f648-43be-8848-515da8a33dbd/resourceGroups/RHCE8/providers/Microsoft.Network/networkSecurityGroups/Firewall-SecurityGroups",
            "network_interface_id": "/subscriptions/22d1ae48-f648-43be-8848-515da8a33dbd/resourceGroups/RHCE8/providers/Microsoft.Network/networkInterfaces/ansible-lab-nic-vm3",
            "network_security_group_id": "/subscriptions/22d1ae48-f648-43be-8848-515da8a33dbd/resourceGroups/RHCE8/providers/Microsoft.Network/networkSecurityGroups/Firewall-SecurityGroups",
            "timeouts": null
          },
          "private": "eyJlMmJmYjczMC1lY2FhLTExZTYtOGY4OC0zNDM2M2JjN2M0YzAiOnsiY3JlYXRlIjoxODAwMDAwMDAwMDAwLCJkZWxldGUiOjE4MDAwMDAwMDAwMDAsInJlYWQiOjMwMDAwMDAwMDAwMCwidXBkYXRlIjoxODAwMDAwMDAwMDAwfX0=",
          "dependencies": [
            "azurerm_network_interface.main",
            "azurerm_network_security_group.akses-ssh",
            "azurerm_public_ip.pip",
            "azurerm_resource_group.main",
            "azurerm_subnet.internal",
            "azurerm_virtual_network.main"
          ]
        },
        {
          "index_key": 4,
          "schema_version": 0,
          "attributes": {
            "id": "/subscriptions/22d1ae48-f648-43be-8848-515da8a33dbd/resourceGroups/RHCE8/providers/Microsoft.Network/networkInterfaces/ansible-lab-nic-vm4|/subscriptions/22d1ae48-f648-43be-8848-515da8a33dbd/resourceGroups/RHCE8/providers/Microsoft.Network/networkSecurityGroups/Firewall-SecurityGroups",
            "network_interface_id": "/subscriptions/22d1ae48-f648-43be-8848-515da8a33dbd/resourceGroups/RHCE8/providers/Microsoft.Network/networkInterfaces/ansible-lab-nic-vm4",
            "network_security_group_id": "/subscriptions/22d1ae48-f648-43be-8848-515da8a33dbd/resourceGroups/RHCE8/providers/Microsoft.Network/networkSecurityGroups/Firewall-SecurityGroups",
            "timeouts": null
          },
          "private": "eyJlMmJmYjczMC1lY2FhLTExZTYtOGY4OC0zNDM2M2JjN2M0YzAiOnsiY3JlYXRlIjoxODAwMDAwMDAwMDAwLCJkZWxldGUiOjE4MDAwMDAwMDAwMDAsInJlYWQiOjMwMDAwMDAwMDAwMCwidXBkYXRlIjoxODAwMDAwMDAwMDAwfX0=",
          "dependencies": [
            "azurerm_network_interface.main",
            "azurerm_network_security_group.akses-ssh",
            "azurerm_public_ip.pip",
            "azurerm_resource_group.main",
            "azurerm_subnet.internal",
            "azurerm_virtual_network.main"
          ]
        },
        {
          "index_key": 5,
          "schema_version": 0,
          "attributes": {
            "id": "/subscriptions/22d1ae48-f648-43be-8848-515da8a33dbd/resourceGroups/RHCE8/providers/Microsoft.Network/networkInterfaces/ansible-lab-nic-vm5|/subscriptions/22d1ae48-f648-43be-8848-515da8a33dbd/resourceGroups/RHCE8/providers/Microsoft.Network/networkSecurityGroups/Firewall-SecurityGroups",
            "network_interface_id": "/subscriptions/22d1ae48-f648-43be-8848-515da8a33dbd/resourceGroups/RHCE8/providers/Microsoft.Network/networkInterfaces/ansible-lab-nic-vm5",
            "network_security_group_id": "/subscriptions/22d1ae48-f648-43be-8848-515da8a33dbd/resourceGroups/RHCE8/providers/Microsoft.Network/networkSecurityGroups/Firewall-SecurityGroups",
            "timeouts": null
          },
          "private": "eyJlMmJmYjczMC1lY2FhLTExZTYtOGY4OC0zNDM2M2JjN2M0YzAiOnsiY3JlYXRlIjoxODAwMDAwMDAwMDAwLCJkZWxldGUiOjE4MDAwMDAwMDAwMDAsInJlYWQiOjMwMDAwMDAwMDAwMCwidXBkYXRlIjoxODAwMDAwMDAwMDAwfX0=",
          "dependencies": [
            "azurerm_network_interface.main",
            "azurerm_network_security_group.akses-ssh",
            "azurerm_public_ip.pip",
            "azurerm_resource_group.main",
            "azurerm_subnet.internal",
            "azurerm_virtual_network.main"
          ]
        }
      ]
    },
    {
      "mode": "managed",
      "type": "azurerm_network_security_group",
      "name": "akses-ssh",
      "provider": "provider[\"registry.terraform.io/hashicorp/azurerm\"]",
      "instances": [
        {
          "schema_version": 0,
          "attributes": {
            "id": "/subscriptions/22d1ae48-f648-43be-8848-515da8a33dbd/resourceGroups/RHCE8/providers/Microsoft.Network/networkSecurityGroups/Firewall-SecurityGroups",
            "location": "southeastasia",
            "name": "Firewall-SecurityGroups",
            "resource_group_name": "RHCE8",
            "security_rule": [
              {
                "access": "Allow",
                "description": "",
                "destination_address_prefix": "*",
                "destination_address_prefixes": [],
                "destination_application_security_group_ids": [],
                "destination_port_range": "22",
                "destination_port_ranges": [],
                "direction": "Inbound",
                "name": "SSH",
                "priority": 1001,
                "protocol": "Tcp",
                "source_address_prefix": "*",
                "source_address_prefixes": [],
                "source_application_security_group_ids": [],
                "source_port_range": "*",
                "source_port_ranges": []
              }
            ],
            "tags": {
              "environment": "LAB ANSIBLE"
            },
            "timeouts": null
          },
          "private": "eyJlMmJmYjczMC1lY2FhLTExZTYtOGY4OC0zNDM2M2JjN2M0YzAiOnsiY3JlYXRlIjoxODAwMDAwMDAwMDAwLCJkZWxldGUiOjE4MDAwMDAwMDAwMDAsInJlYWQiOjMwMDAwMDAwMDAwMCwidXBkYXRlIjoxODAwMDAwMDAwMDAwfX0=",
          "dependencies": [
            "azurerm_resource_group.main"
          ]
        }
      ]
    },
    {
      "mode": "managed",
      "type": "azurerm_public_ip",
      "name": "pip",
      "provider": "provider[\"registry.terraform.io/hashicorp/azurerm\"]",
      "instances": [
        {
          "index_key": 0,
          "schema_version": 0,
          "attributes": {
            "allocation_method": "Static",
            "domain_name_label": null,
            "fqdn": null,
            "id": "/subscriptions/22d1ae48-f648-43be-8848-515da8a33dbd/resourceGroups/RHCE8/providers/Microsoft.Network/publicIPAddresses/ansible-lab-pip-0",
            "idle_timeout_in_minutes": 4,
            "ip_address": "52.187.124.106",
            "ip_version": "IPv4",
            "location": "southeastasia",
            "name": "ansible-lab-pip-0",
            "public_ip_prefix_id": null,
            "resource_group_name": "RHCE8",
            "reverse_fqdn": null,
            "sku": "Basic",
            "tags": {
              "environment": "LAB ANSIBLE"
            },
            "timeouts": null,
            "zones": null
          },
          "private": "eyJlMmJmYjczMC1lY2FhLTExZTYtOGY4OC0zNDM2M2JjN2M0YzAiOnsiY3JlYXRlIjoxODAwMDAwMDAwMDAwLCJkZWxldGUiOjE4MDAwMDAwMDAwMDAsInJlYWQiOjMwMDAwMDAwMDAwMCwidXBkYXRlIjoxODAwMDAwMDAwMDAwfX0=",
          "dependencies": [
            "azurerm_resource_group.main"
          ]
        },
        {
          "index_key": 1,
          "schema_version": 0,
          "attributes": {
            "allocation_method": "Static",
            "domain_name_label": null,
            "fqdn": null,
            "id": "/subscriptions/22d1ae48-f648-43be-8848-515da8a33dbd/resourceGroups/RHCE8/providers/Microsoft.Network/publicIPAddresses/ansible-lab-pip-1",
            "idle_timeout_in_minutes": 4,
            "ip_address": "52.187.124.122",
            "ip_version": "IPv4",
            "location": "southeastasia",
            "name": "ansible-lab-pip-1",
            "public_ip_prefix_id": null,
            "resource_group_name": "RHCE8",
            "reverse_fqdn": null,
            "sku": "Basic",
            "tags": {
              "environment": "LAB ANSIBLE"
            },
            "timeouts": null,
            "zones": null
          },
          "private": "eyJlMmJmYjczMC1lY2FhLTExZTYtOGY4OC0zNDM2M2JjN2M0YzAiOnsiY3JlYXRlIjoxODAwMDAwMDAwMDAwLCJkZWxldGUiOjE4MDAwMDAwMDAwMDAsInJlYWQiOjMwMDAwMDAwMDAwMCwidXBkYXRlIjoxODAwMDAwMDAwMDAwfX0=",
          "dependencies": [
            "azurerm_resource_group.main"
          ]
        },
        {
          "index_key": 2,
          "schema_version": 0,
          "attributes": {
            "allocation_method": "Static",
            "domain_name_label": null,
            "fqdn": null,
            "id": "/subscriptions/22d1ae48-f648-43be-8848-515da8a33dbd/resourceGroups/RHCE8/providers/Microsoft.Network/publicIPAddresses/ansible-lab-pip-2",
            "idle_timeout_in_minutes": 4,
            "ip_address": "52.187.125.98",
            "ip_version": "IPv4",
            "location": "southeastasia",
            "name": "ansible-lab-pip-2",
            "public_ip_prefix_id": null,
            "resource_group_name": "RHCE8",
            "reverse_fqdn": null,
            "sku": "Basic",
            "tags": {
              "environment": "LAB ANSIBLE"
            },
            "timeouts": null,
            "zones": null
          },
          "private": "eyJlMmJmYjczMC1lY2FhLTExZTYtOGY4OC0zNDM2M2JjN2M0YzAiOnsiY3JlYXRlIjoxODAwMDAwMDAwMDAwLCJkZWxldGUiOjE4MDAwMDAwMDAwMDAsInJlYWQiOjMwMDAwMDAwMDAwMCwidXBkYXRlIjoxODAwMDAwMDAwMDAwfX0=",
          "dependencies": [
            "azurerm_resource_group.main"
          ]
        },
        {
          "index_key": 3,
          "schema_version": 0,
          "attributes": {
            "allocation_method": "Static",
            "domain_name_label": null,
            "fqdn": null,
            "id": "/subscriptions/22d1ae48-f648-43be-8848-515da8a33dbd/resourceGroups/RHCE8/providers/Microsoft.Network/publicIPAddresses/ansible-lab-pip-3",
            "idle_timeout_in_minutes": 4,
            "ip_address": "52.187.124.101",
            "ip_version": "IPv4",
            "location": "southeastasia",
            "name": "ansible-lab-pip-3",
            "public_ip_prefix_id": null,
            "resource_group_name": "RHCE8",
            "reverse_fqdn": null,
            "sku": "Basic",
            "tags": {
              "environment": "LAB ANSIBLE"
            },
            "timeouts": null,
            "zones": null
          },
          "private": "eyJlMmJmYjczMC1lY2FhLTExZTYtOGY4OC0zNDM2M2JjN2M0YzAiOnsiY3JlYXRlIjoxODAwMDAwMDAwMDAwLCJkZWxldGUiOjE4MDAwMDAwMDAwMDAsInJlYWQiOjMwMDAwMDAwMDAwMCwidXBkYXRlIjoxODAwMDAwMDAwMDAwfX0=",
          "dependencies": [
            "azurerm_resource_group.main"
          ]
        },
        {
          "index_key": 4,
          "schema_version": 0,
          "attributes": {
            "allocation_method": "Static",
            "domain_name_label": null,
            "fqdn": null,
            "id": "/subscriptions/22d1ae48-f648-43be-8848-515da8a33dbd/resourceGroups/RHCE8/providers/Microsoft.Network/publicIPAddresses/ansible-lab-pip-4",
            "idle_timeout_in_minutes": 4,
            "ip_address": "52.187.122.46",
            "ip_version": "IPv4",
            "location": "southeastasia",
            "name": "ansible-lab-pip-4",
            "public_ip_prefix_id": null,
            "resource_group_name": "RHCE8",
            "reverse_fqdn": null,
            "sku": "Basic",
            "tags": {
              "environment": "LAB ANSIBLE"
            },
            "timeouts": null,
            "zones": null
          },
          "private": "eyJlMmJmYjczMC1lY2FhLTExZTYtOGY4OC0zNDM2M2JjN2M0YzAiOnsiY3JlYXRlIjoxODAwMDAwMDAwMDAwLCJkZWxldGUiOjE4MDAwMDAwMDAwMDAsInJlYWQiOjMwMDAwMDAwMDAwMCwidXBkYXRlIjoxODAwMDAwMDAwMDAwfX0=",
          "dependencies": [
            "azurerm_resource_group.main"
          ]
        },
        {
          "index_key": 5,
          "schema_version": 0,
          "attributes": {
            "allocation_method": "Static",
            "domain_name_label": null,
            "fqdn": null,
            "id": "/subscriptions/22d1ae48-f648-43be-8848-515da8a33dbd/resourceGroups/RHCE8/providers/Microsoft.Network/publicIPAddresses/ansible-lab-pip-5",
            "idle_timeout_in_minutes": 4,
            "ip_address": "52.187.124.194",
            "ip_version": "IPv4",
            "location": "southeastasia",
            "name": "ansible-lab-pip-5",
            "public_ip_prefix_id": null,
            "resource_group_name": "RHCE8",
            "reverse_fqdn": null,
            "sku": "Basic",
            "tags": {
              "environment": "LAB ANSIBLE"
            },
            "timeouts": null,
            "zones": null
          },
          "private": "eyJlMmJmYjczMC1lY2FhLTExZTYtOGY4OC0zNDM2M2JjN2M0YzAiOnsiY3JlYXRlIjoxODAwMDAwMDAwMDAwLCJkZWxldGUiOjE4MDAwMDAwMDAwMDAsInJlYWQiOjMwMDAwMDAwMDAwMCwidXBkYXRlIjoxODAwMDAwMDAwMDAwfX0=",
          "dependencies": [
            "azurerm_resource_group.main"
          ]
        }
      ]
    },
    {
      "mode": "managed",
      "type": "azurerm_resource_group",
      "name": "main",
      "provider": "provider[\"registry.terraform.io/hashicorp/azurerm\"]",
      "instances": [
        {
          "schema_version": 0,
          "attributes": {
            "id": "/subscriptions/22d1ae48-f648-43be-8848-515da8a33dbd/resourceGroups/RHCE8",
            "location": "southeastasia",
            "name": "RHCE8",
            "tags": {
              "environment": "LAB ANSIBLE"
            },
            "timeouts": null
          },
          "private": "eyJlMmJmYjczMC1lY2FhLTExZTYtOGY4OC0zNDM2M2JjN2M0YzAiOnsiY3JlYXRlIjo1NDAwMDAwMDAwMDAwLCJkZWxldGUiOjU0MDAwMDAwMDAwMDAsInJlYWQiOjMwMDAwMDAwMDAwMCwidXBkYXRlIjo1NDAwMDAwMDAwMDAwfX0="
        }
      ]
    },
    {
      "mode": "managed",
      "type": "azurerm_subnet",
      "name": "internal",
      "provider": "provider[\"registry.terraform.io/hashicorp/azurerm\"]",
      "instances": [
        {
          "schema_version": 0,
          "attributes": {
            "address_prefix": "10.0.3.0/24",
            "address_prefixes": [
              "10.0.3.0/24"
            ],
            "delegation": [],
            "enforce_private_link_endpoint_network_policies": false,
            "enforce_private_link_service_network_policies": false,
            "id": "/subscriptions/22d1ae48-f648-43be-8848-515da8a33dbd/resourceGroups/RHCE8/providers/Microsoft.Network/virtualNetworks/ansible-lab-network/subnets/internal",
            "name": "internal",
            "resource_group_name": "RHCE8",
            "service_endpoints": null,
            "timeouts": null,
            "virtual_network_name": "ansible-lab-network"
          },
          "private": "eyJlMmJmYjczMC1lY2FhLTExZTYtOGY4OC0zNDM2M2JjN2M0YzAiOnsiY3JlYXRlIjoxODAwMDAwMDAwMDAwLCJkZWxldGUiOjE4MDAwMDAwMDAwMDAsInJlYWQiOjMwMDAwMDAwMDAwMCwidXBkYXRlIjoxODAwMDAwMDAwMDAwfX0=",
          "dependencies": [
            "azurerm_resource_group.main",
            "azurerm_virtual_network.main"
          ]
        }
      ]
    },
    {
      "mode": "managed",
      "type": "azurerm_virtual_network",
      "name": "main",
      "provider": "provider[\"registry.terraform.io/hashicorp/azurerm\"]",
      "instances": [
        {
          "schema_version": 0,
          "attributes": {
            "address_space": [
              "10.0.0.0/16"
            ],
            "ddos_protection_plan": [],
            "dns_servers": null,
            "guid": "2f4825db-e00c-4d04-b043-86cb2afa0e77",
            "id": "/subscriptions/22d1ae48-f648-43be-8848-515da8a33dbd/resourceGroups/RHCE8/providers/Microsoft.Network/virtualNetworks/ansible-lab-network",
            "location": "southeastasia",
            "name": "ansible-lab-network",
            "resource_group_name": "RHCE8",
            "subnet": [],
            "tags": {
              "environment": "LAB ANSIBLE"
            },
            "timeouts": null
          },
          "private": "eyJlMmJmYjczMC1lY2FhLTExZTYtOGY4OC0zNDM2M2JjN2M0YzAiOnsiY3JlYXRlIjoxODAwMDAwMDAwMDAwLCJkZWxldGUiOjE4MDAwMDAwMDAwMDAsInJlYWQiOjMwMDAwMDAwMDAwMCwidXBkYXRlIjoxODAwMDAwMDAwMDAwfX0=",
          "dependencies": [
            "azurerm_resource_group.main"
          ]
        }
      ]
    }
  ]
}
